
Microsoft Visual Studio Solution File, Format Version 12.00
# Visual Studio Version 17
VisualStudioVersion = 17.1.32120.378
MinimumVisualStudioVersion = 10.0.40219.1
Project("{FAE04EC0-301F-11D3-BF4B-00C04F79EFBC}") = "Wolfram Mathematica Key Generator", "Wolfram Mathematica Key Generator\Wolfram Mathematica Key Generator.csproj", "{A0AEE4E5-D5A6-47B7-8BB2-A58527CD1867}"
EndProject
Project("{2150E333-8FDC-42A3-9474-1A3956D46DE8}") = "Solution Items", "Solution Items", "{1689E678-1C40-43F3-83C6-3F24D911C6E5}"
	ProjectSection(SolutionItems) = preProject
		.editorconfig = .editorconfig
	EndProjectSection
EndProject
Global
	GlobalSection(SolutionConfigurationPlatforms) = preSolution
		Debug|Any CPU = Debug|Any CPU
		Release|Any CPU = Release|Any CPU
	EndGlobalSection
	GlobalSection(ProjectConfigurationPlatforms) = postSolution
		{A0AEE4E5-D5A6-47B7-8BB2-A58527CD1867}.Debug|Any CPU.ActiveCfg = Debug|Any CPU
		{A0AEE4E5-D5A6-47B7-8BB2-A58527CD1867}.Debug|Any CPU.Build.0 = Debug|Any CPU
		{A0AEE4E5-D5A6-47B7-8BB2-A58527CD1867}.Release|Any CPU.ActiveCfg = Release|Any CPU
		{A0AEE4E5-D5A6-47B7-8BB2-A58527CD1867}.Release|Any CPU.Build.0 = Release|Any CPU
	EndGlobalSection
	GlobalSection(SolutionProperties) = preSolution
		HideSolutionNode = FALSE
	EndGlobalSection
	GlobalSection(ExtensibilityGlobals) = postSolution
		SolutionGuid = {52AB0B86-EB9D-49F6-9362-C08D0021F78A}
	EndGlobalSection
EndGlobal
